
Microsoft Visual Studio Solution File, Format Version 12.00
# Visual Studio Version 16
VisualStudioVersion = 16.0.31424.327
MinimumVisualStudioVersion = 10.0.40219.1
Project("{9A19103F-16F7-4668-BE54-9A1E7A4F7556}") = "QuadTrees", "Quadtrees\QuadTrees.csproj", "{FF3088BC-0BEF-4AF0-ACE3-9406D9F985A7}"
EndProject
Project("{FAE04EC0-301F-11D3-BF4B-00C04F79EFBC}") = "QuadTrees.Tests", "QuadTrees.Tests\QuadTrees.Tests.csproj", "{7A1CB268-12FF-4C94-BFE1-2DADDEEE9070}"
EndProject
Global
	GlobalSection(SolutionConfigurationPlatforms) = preSolution
		Debug|Any CPU = Debug|Any CPU
		Release|Any CPU = Release|Any CPU
	EndGlobalSection
	GlobalSection(ProjectConfigurationPlatforms) = postSolution
		{FF3088BC-0BEF-4AF0-ACE3-9406D9F985A7}.Debug|Any CPU.ActiveCfg = Debug|Any CPU
		{FF3088BC-0BEF-4AF0-ACE3-9406D9F985A7}.Debug|Any CPU.Build.0 = Debug|Any CPU
		{FF3088BC-0BEF-4AF0-ACE3-9406D9F985A7}.Release|Any CPU.ActiveCfg = Release|Any CPU
		{FF3088BC-0BEF-4AF0-ACE3-9406D9F985A7}.Release|Any CPU.Build.0 = Release|Any CPU
		{7A1CB268-12FF-4C94-BFE1-2DADDEEE9070}.Debug|Any CPU.ActiveCfg = Debug|Any CPU
		{7A1CB268-12FF-4C94-BFE1-2DADDEEE9070}.Debug|Any CPU.Build.0 = Debug|Any CPU
		{7A1CB268-12FF-4C94-BFE1-2DADDEEE9070}.Release|Any CPU.ActiveCfg = Release|Any CPU
		{7A1CB268-12FF-4C94-BFE1-2DADDEEE9070}.Release|Any CPU.Build.0 = Release|Any CPU
	EndGlobalSection
	GlobalSection(SolutionProperties) = preSolution
		HideSolutionNode = FALSE
	EndGlobalSection
	GlobalSection(ExtensibilityGlobals) = postSolution
		SolutionGuid = {F4B9F5E3-B2F0-4C96-8F4E-27200CC4FC08}
	EndGlobalSection
EndGlobal
